
Microsoft Visual Studio Solution File, Format Version 12.00
# Visual Studio Version 17
VisualStudioVersion = 17.14.37411.7 d17.14
MinimumVisualStudioVersion = 10.0.40219.1
Project("{888888A0-9F3D-457C-B088-3A5042F75D52}") = "Kiosk", "Kiosk\Kiosk.pyproj", "{5C28BBCD-7947-44D2-BCCA-D303414DCC32}"
EndProject
Global
	GlobalSection(SolutionConfigurationPlatforms) = preSolution
		Debug|Any CPU = Debug|Any CPU
		Release|Any CPU = Release|Any CPU
	EndGlobalSection
	GlobalSection(ProjectConfigurationPlatforms) = postSolution
		{5C28BBCD-7947-44D2-BCCA-D303414DCC32}.Debug|Any CPU.ActiveCfg = Debug|Any CPU
		{5C28BBCD-7947-44D2-BCCA-D303414DCC32}.Release|Any CPU.ActiveCfg = Release|Any CPU
	EndGlobalSection
	GlobalSection(SolutionProperties) = preSolution
		HideSolutionNode = FALSE
	EndGlobalSection
	GlobalSection(ExtensibilityGlobals) = postSolution
		SolutionGuid = {F04CD373-6989-4501-B55C-71CD2C147C87}
	EndGlobalSection
EndGlobal
